// !$*UTF8*$!
{
	archiveVersion = 1;
	classes = {
	};
	objectVersion = 50;
	objects = {

/* Begin PBXBuildFile section */
		4B0112E5271D0F2800B47D30 /* CoreDataServer.swift in Sources */ = {isa = PBXBuildFile; fileRef = 4B0112E4271D0F2800B47D30 /* CoreDataServer.swift */; };
		FA4C792F25CA40220081FB8E /* AppDelegate.swift in Sources */ = {isa = PBXBuildFile; fileRef = FA4C792E25CA40220081FB8E /* AppDelegate.swift */; };
		FA4C793125CA40220081FB8E /* SceneDelegate.swift in Sources */ = {isa = PBXBuildFile; fileRef = FA4C793025CA40220081FB8E /* SceneDelegate.swift */; };
		FA4C793325CA40220081FB8E /* ViewController.swift in Sources */ = {isa = PBXBuildFile; fileRef = FA4C793225CA40220081FB8E /* ViewController.swift */; };
		FA4C793625CA40220081FB8E /* Main.storyboard in Resources */ = {isa = PBXBuildFile; fileRef = FA4C793425CA40220081FB8E /* Main.storyboard */; };
		FA4C793925CA40220081FB8E /* CoreDataDemo.xcdatamodeld in Sources */ = {isa = PBXBuildFile; fileRef = FA4C793725CA40220081FB8E /* CoreDataDemo.xcdatamodeld */; };
		FA4C793B25CA40250081FB8E /* Assets.xcassets in Resources */ = {isa = PBXBuildFile; fileRef = FA4C793A25CA40250081FB8E /* Assets.xcassets */; };
		FA4C793E25CA40250081FB8E /* LaunchScreen.storyboard in Resources */ = {isa = PBXBuildFile; fileRef = FA4C793C25CA40250081FB8E /* LaunchScreen.storyboard */; };
		FA4C794825CA4BB00081FB8E /* TableViewCell.swift in Sources */ = {isa = PBXBuildFile; fileRef = FA4C794625CA4BB00081FB8E /* TableViewCell.swift */; };
		FA4C794925CA4BB00081FB8E /* TableViewCell.xib in Resources */ = {isa = PBXBuildFile; fileRef = FA4C794725CA4BB00081FB8E /* TableViewCell.xib */; };
		FA4C795225CA5AA60081FB8E /* PersonModel.swift in Sources */ = {isa = PBXBuildFile; fileRef = FA4C795125CA5AA60081FB8E /* PersonModel.swift */; };
/* End PBXBuildFile section */

/* Begin PBXFileReference section */
		4B0112E4271D0F2800B47D30 /* CoreDataServer.swift */ = {isa = PBXFileReference; lastKnownFileType = sourcecode.swift; path = CoreDataServer.swift; sourceTree = "<group>"; };
		FA4C792B25CA40220081FB8E /* CoreDataDemo.app */ = {isa = PBXFileReference; explicitFileType = wrapper.application; includeInIndex = 0; path = CoreDataDemo.app; sourceTree = BUILT_PRODUCTS_DIR; };
		FA4C792E25CA40220081FB8E /* AppDelegate.swift */ = {isa = PBXFileReference; lastKnownFileType = sourcecode.swift; path = AppDelegate.swift; sourceTree = "<group>"; };
		FA4C793025CA40220081FB8E /* SceneDelegate.swift */ = {isa = PBXFileReference; lastKnownFileType = sourcecode.swift; path = SceneDelegate.swift; sourceTree = "<group>"; };
		FA4C793225CA40220081FB8E /* ViewController.swift */ = {isa = PBXFileReference; lastKnownFileType = sourcecode.swift; path = ViewController.swift; sourceTree = "<group>"; };
		FA4C793525CA40220081FB8E /* Base */ = {isa = PBXFileReference; lastKnownFileType = file.storyboard; name = Base; path = Base.lproj/Main.storyboard; sourceTree = "<group>"; };
		FA4C793825CA40220081FB8E /* CoreDataDemo.xcdatamodel */ = {isa = PBXFileReference; lastKnownFileType = wrapper.xcdatamodel; path = CoreDataDemo.xcdatamodel; sourceTree = "<group>"; };
		FA4C793A25CA40250081FB8E /* Assets.xcassets */ = {isa = PBXFileReference; lastKnownFileType = folder.assetcatalog; path = Assets.xcassets; sourceTree = "<group>"; };
		FA4C793D25CA40250081FB8E /* Base */ = {isa = PBXFileReference; lastKnownFileType = file.storyboard; name = Base; path = Base.lproj/LaunchScreen.storyboard; sourceTree = "<group>"; };
		FA4C793F25CA40250081FB8E /* Info.plist */ = {isa = PBXFileReference; lastKnownFileType = text.plist.xml; path = Info.plist; sourceTree = "<group>"; };
		FA4C794625CA4BB00081FB8E /* TableViewCell.swift */ = {isa = PBXFileReference; lastKnownFileType = sourcecode.swift; path = TableViewCell.swift; sourceTree = "<group>"; };
		FA4C794725CA4BB00081FB8E /* TableViewCell.xib */ = {isa = PBXFileReference; lastKnownFileType = file.xib; path = TableViewCell.xib; sourceTree = "<group>"; };
		FA4C795125CA5AA60081FB8E /* PersonModel.swift */ = {isa = PBXFileReference; lastKnownFileType = sourcecode.swift; path = PersonModel.swift; sourceTree = "<group>"; };
/* End PBXFileReference section */

/* Begin PBXFrameworksBuildPhase section */
		FA4C792825CA40220081FB8E /* Frameworks */ = {
			isa = PBXFrameworksBuildPhase;
			buildActionMask = 2147483647;
			files = (
			);
			runOnlyForDeploymentPostprocessing = 0;
		};
/* End PBXFrameworksBuildPhase section */

/* Begin PBXGroup section */
		FA4C792225CA40220081FB8E = {
			isa = PBXGroup;
			children = (
				FA4C792D25CA40220081FB8E /* CoreDataDemo */,
				FA4C792C25CA40220081FB8E /* Products */,
			);
			sourceTree = "<group>";
		};
		FA4C792C25CA40220081FB8E /* Products */ = {
			isa = PBXGroup;
			children = (
				FA4C792B25CA40220081FB8E /* CoreDataDemo.app */,
			);
			name = Products;
			sourceTree = "<group>";
		};
		FA4C792D25CA40220081FB8E /* CoreDataDemo */ = {
			isa = PBXGroup;
			children = (
				FA4C792E25CA40220081FB8E /* AppDelegate.swift */,
				FA4C793025CA40220081FB8E /* SceneDelegate.swift */,
				FA4C793225CA40220081FB8E /* ViewController.swift */,
				FA4C794625CA4BB00081FB8E /* TableViewCell.swift */,
				FA4C795125CA5AA60081FB8E /* PersonModel.swift */,
				4B0112E4271D0F2800B47D30 /* CoreDataServer.swift */,
				FA4C793425CA40220081FB8E /* Main.storyboard */,
				FA4C794725CA4BB00081FB8E /* TableViewCell.xib */,
				FA4C793A25CA40250081FB8E /* Assets.xcassets */,
				FA4C793C25CA40250081FB8E /* LaunchScreen.storyboard */,
				FA4C793F25CA40250081FB8E /* Info.plist */,
				FA4C793725CA40220081FB8E /* CoreDataDemo.xcdatamodeld */,
			);
			path = CoreDataDemo;
			sourceTree = "<group>";
		};
/* End PBXGroup section */

/* Begin PBXNativeTarget section */
		FA4C792A25CA40220081FB8E /* CoreDataDemo */ = {
			isa = PBXNativeTarget;
			buildConfigurationList = FA4C794225CA40250081FB8E /* Build configuration list for PBXNativeTarget "CoreDataDemo" */;
			buildPhases = (
				FA4C792725CA40220081FB8E /* Sources */,
				FA4C792825CA40220081FB8E /* Frameworks */,
				FA4C792925CA40220081FB8E /* Resources */,
			);
			buildRules = (
			);
			dependencies = (
			);
			name = CoreDataDemo;
			productName = CoreDataDemo;
			productReference = FA4C792B25CA40220081FB8E /* CoreDataDemo.app */;
			productType = "com.apple.product-type.application";
		};
/* End PBXNativeTarget section */

/* Begin PBXProject section */
		FA4C792325CA40220081FB8E /* Project object */ = {
			isa = PBXProject;
			attributes = {
				LastSwiftUpdateCheck = 1240;
				LastUpgradeCheck = 1240;
				TargetAttributes = {
					FA4C792A25CA40220081FB8E = {
						CreatedOnToolsVersion = 12.4;
					};
				};
			};
			buildConfigurationList = FA4C792625CA40220081FB8E /* Build configuration list for PBXProject "CoreDataDemo" */;
			compatibilityVersion = "Xcode 9.3";
			developmentRegion = en;
			hasScannedForEncodings = 0;
			knownRegions = (
				en,
				Base,
			);
			mainGroup = FA4C792225CA40220081FB8E;
			productRefGroup = FA4C792C25CA40220081FB8E /* Products */;
			projectDirPath = "";
			projectRoot = "";
			targets = (
				FA4C792A25CA40220081FB8E /* CoreDataDemo */,
			);
		};
/* End PBXProject section */

/* Begin PBXResourcesBuildPhase section */
		FA4C792925CA40220081FB8E /* Resources */ = {
			isa = PBXResourcesBuildPhase;
			buildActionMask = 2147483647;
			files = (
				FA4C793E25CA40250081FB8E /* LaunchScreen.storyboard in Resources */,
				FA4C794925CA4BB00081FB8E /* TableViewCell.xib in Resources */,
				FA4C793B25CA40250081FB8E /* Assets.xcassets in Resources */,
				FA4C793625CA40220081FB8E /* Main.storyboard in Resources */,
			);
			runOnlyForDeploymentPostprocessing = 0;
		};
/* End PBXResourcesBuildPhase section */

/* Begin PBXSourcesBuildPhase section */
		FA4C792725CA40220081FB8E /* Sources */ = {
			isa = PBXSourcesBuildPhase;
			buildActionMask = 2147483647;
			files = (
				FA4C795225CA5AA60081FB8E /* PersonModel.swift in Sources */,
				FA4C794825CA4BB00081FB8E /* TableViewCell.swift in Sources */,
				4B0112E5271D0F2800B47D30 /* CoreDataServer.swift in Sources */,
				FA4C793325CA40220081FB8E /* ViewController.swift in Sources */,
				FA4C793925CA40220081FB8E /* CoreDataDemo.xcdatamodeld in Sources */,
				FA4C792F25CA40220081FB8E /* AppDelegate.swift in Sources */,
				FA4C793125CA40220081FB8E /* SceneDelegate.swift in Sources */,
			);
			runOnlyForDeploymentPostprocessing = 0;
		};
/* End PBXSourcesBuildPhase section */

/* Begin PBXVariantGroup section */
		FA4C793425CA40220081FB8E /* Main.storyboard */ = {
			isa = PBXVariantGroup;
			children = (
				FA4C793525CA40220081FB8E /* Base */,
			);
			name = Main.storyboard;
			sourceTree = "<group>";
		};
		FA4C793C25CA40250081FB8E /* LaunchScreen.storyboard */ = {
			isa = PBXVariantGroup;
			children = (
				FA4C793D25CA40250081FB8E /* Base */,
			);
			name = LaunchScreen.storyboard;
			sourceTree = "<group>";
		};
/* End PBXVariantGroup section */

/* Begin XCBuildConfiguration section */
		FA4C794025CA40250081FB8E /* Debug */ = {
			isa = XCBuildConfiguration;
			buildSettings = {
				ALWAYS_SEARCH_USER_PATHS = NO;
				CLANG_ANALYZER_NONNULL = YES;
				CLANG_ANALYZER_NUMBER_OBJECT_CONVERSION = YES_AGGRESSIVE;
				CLANG_CXX_LANGUAGE_STANDARD = "gnu++14";
				CLANG_CXX_LIBRARY = "libc++";
				CLANG_ENABLE_MODULES = YES;
				CLANG_ENABLE_OBJC_ARC = YES;
				CLANG_ENABLE_OBJC_WEAK = YES;
				CLANG_WARN_BLOCK_CAPTURE_AUTORELEASING = YES;
				CLANG_WARN_BOOL_CONVERSION = YES;
				CLANG_WARN_COMMA = YES;
				CLANG_WARN_CONSTANT_CONVERSION = YES;
				CLANG_WARN_DEPRECATED_OBJC_IMPLEMENTATIONS = YES;
				CLANG_WARN_DIRECT_OBJC_ISA_USAGE = YES_ERROR;
				CLANG_WARN_DOCUMENTATION_COMMENTS = YES;
				CLANG_WARN_EMPTY_BODY = YES;
				CLANG_WARN_ENUM_CONVERSION = YES;
				CLANG_WARN_INFINITE_RECURSION = YES;
				CLANG_WARN_INT_CONVERSION = YES;
				CLANG_WARN_NON_LITERAL_NULL_CONVERSION = YES;
				CLANG_WARN_OBJC_IMPLICIT_RETAIN_SELF = YES;
				CLANG_WARN_OBJC_LITERAL_CONVERSION = YES;
				CLANG_WARN_OBJC_ROOT_CLASS = YES_ERROR;
				CLANG_WARN_QUOTED_INCLUDE_IN_FRAMEWORK_HEADER = YES;
				CLANG_WARN_RANGE_LOOP_ANALYSIS = YES;
				CLANG_WARN_STRICT_PROTOTYPES = YES;
				CLANG_WARN_SUSPICIOUS_MOVE = YES;
				CLANG_WARN_UNGUARDED_AVAILABILITY = YES_AGGRESSIVE;
				CLANG_WARN_UNREACHABLE_CODE = YES;
				CLANG_WARN__DUPLICATE_METHOD_MATCH = YES;
				COPY_PHASE_STRIP = NO;
				DEBUG_INFORMATION_FORMAT = dwarf;
				ENABLE_STRICT_OBJC_MSGSEND = YES;
				ENABLE_TESTABILITY = YES;
				GCC_C_LANGUAGE_STANDARD = gnu11;
				GCC_DYNAMIC_NO_PIC = NO;
				GCC_NO_COMMON_BLOCKS = YES;
				GCC_OPTIMIZATION_LEVEL = 0;
				GCC_PREPROCESSOR_DEFINITIONS = (
					"DEBUG=1",
					"$(inherited)",
				);
				GCC_WARN_64_TO_32_BIT_CONVERSION = YES;
				GCC_WARN_ABOUT_RETURN_TYPE = YES_ERROR;
				GCC_WARN_UNDECLARED_SELECTOR = YES;
				GCC_WARN_UNINITIALIZED_AUTOS = YES_AGGRESSIVE;
				GCC_WARN_UNUSED_FUNCTION = YES;
				GCC_WARN_UNUSED_VARIABLE = YES;
				IPHONEOS_DEPLOYMENT_TARGET = 14.4;
				MTL_ENABLE_DEBUG_INFO = INCLUDE_SOURCE;
				MTL_FAST_MATH = YES;
				ONLY_ACTIVE_ARCH = YES;
				SDKROOT = iphoneos;
				SWIFT_ACTIVE_COMPILATION_CONDITIONS = DEBUG;
				SWIFT_OPTIMIZATION_LEVEL = "-Onone";
			};
			name = Debug;
		};
		FA4C794125CA40250081FB8E /* Release */ = {
			isa = XCBuildConfiguration;
			buildSettings = {
				ALWAYS_SEARCH_USER_PATHS = NO;
				CLANG_ANALYZER_NONNULL = YES;
				CLANG_ANALYZER_NUMBER_OBJECT_CONVERSION = YES_AGGRESSIVE;
				CLANG_CXX_LANGUAGE_STANDARD = "gnu++14";
				CLANG_CXX_LIBRARY = "libc++";
				CLANG_ENABLE_MODULES = YES;
				CLANG_ENABLE_OBJC_ARC = YES;
				CLANG_ENABLE_OBJC_WEAK = YES;
				CLANG_WARN_BLOCK_CAPTURE_AUTORELEASING = YES;
				CLANG_WARN_BOOL_CONVERSION = YES;
				CLANG_WARN_COMMA = YES;
				CLANG_WARN_CONSTANT_CONVERSION = YES;
				CLANG_WARN_DEPRECATED_OBJC_IMPLEMENTATIONS = YES;
				CLANG_WARN_DIRECT_OBJC_ISA_USAGE = YES_ERROR;
				CLANG_WARN_DOCUMENTATION_COMMENTS = YES;
				CLANG_WARN_EMPTY_BODY = YES;
				CLANG_WARN_ENUM_CONVERSION = YES;
				CLANG_WARN_INFINITE_RECURSION = YES;
				CLANG_WARN_INT_CONVERSION = YES;
				CLANG_WARN_NON_LITERAL_NULL_CONVERSION = YES;
				CLANG_WARN_OBJC_IMPLICIT_RETAIN_SELF = YES;
				CLANG_WARN_OBJC_LITERAL_CONVERSION = YES;
				CLANG_WARN_OBJC_ROOT_CLASS = YES_ERROR;
				CLANG_WARN_QUOTED_INCLUDE_IN_FRAMEWORK_HEADER = YES;
				CLANG_WARN_RANGE_LOOP_ANALYSIS = YES;
				CLANG_WARN_STRICT_PROTOTYPES = YES;
				CLANG_WARN_SUSPICIOUS_MOVE = YES;
				CLANG_WARN_UNGUARDED_AVAILABILITY = YES_AGGRESSIVE;
				CLANG_WARN_UNREACHABLE_CODE = YES;
				CLANG_WARN__DUPLICATE_METHOD_MATCH = YES;
				COPY_PHASE_STRIP = NO;
				DEBUG_INFORMATION_FORMAT = "dwarf-with-dsym";
				ENABLE_NS_ASSERTIONS = NO;
				ENABLE_STRICT_OBJC_MSGSEND = YES;
				GCC_C_LANGUAGE_STANDARD = gnu11;
				GCC_NO_COMMON_BLOCKS = YES;
				GCC_WARN_64_TO_32_BIT_CONVERSION = YES;
				GCC_WARN_ABOUT_RETURN_TYPE = YES_ERROR;
				GCC_WARN_UNDECLARED_SELECTOR = YES;
				GCC_WARN_UNINITIALIZED_AUTOS = YES_AGGRESSIVE;
				GCC_WARN_UNUSED_FUNCTION = YES;
				GCC_WARN_UNUSED_VARIABLE = YES;
				IPHONEOS_DEPLOYMENT_TARGET = 14.4;
				MTL_ENABLE_DEBUG_INFO = NO;
				MTL_FAST_MATH = YES;
				SDKROOT = iphoneos;
				SWIFT_COMPILATION_MODE = wholemodule;
				SWIFT_OPTIMIZATION_LEVEL = "-O";
				VALIDATE_PRODUCT = YES;
			};
			name = Release;
		};
		FA4C794325CA40250081FB8E /* Debug */ = {
			isa = XCBuildConfiguration;
			buildSettings = {
				ASSETCATALOG_COMPILER_APPICON_NAME = AppIcon;
				ASSETCATALOG_COMPILER_GLOBAL_ACCENT_COLOR_NAME = AccentColor;
				CODE_SIGN_STYLE = Automatic;
				INFOPLIST_FILE = CoreDataDemo/Info.plist;
				LD_RUNPATH_SEARCH_PATHS = (
					"$(inherited)",
					"@executable_path/Frameworks",
				);
				PRODUCT_BUNDLE_IDENTIFIER = DaoNA.CoreDataDemo;
				PRODUCT_NAME = "$(TARGET_NAME)";
				SWIFT_VERSION = 5.0;
				TARGETED_DEVICE_FAMILY = "1,2";
			};
			name = Debug;
		};
		FA4C794425CA40250081FB8E /* Release */ = {
			isa = XCBuildConfiguration;
			buildSettings = {
				ASSETCATALOG_COMPILER_APPICON_NAME = AppIcon;
				ASSETCATALOG_COMPILER_GLOBAL_ACCENT_COLOR_NAME = AccentColor;
				CODE_SIGN_STYLE = Automatic;
				INFOPLIST_FILE = CoreDataDemo/Info.plist;
				LD_RUNPATH_SEARCH_PATHS = (
					"$(inherited)",
					"@executable_path/Frameworks",
				);
				PRODUCT_BUNDLE_IDENTIFIER = DaoNA.CoreDataDemo;
				PRODUCT_NAME = "$(TARGET_NAME)";
				SWIFT_VERSION = 5.0;
				TARGETED_DEVICE_FAMILY = "1,2";
			};
			name = Release;
		};
/* End XCBuildConfiguration section */

/* Begin XCConfigurationList section */
		FA4C792625CA40220081FB8E /* Build configuration list for PBXProject "CoreDataDemo" */ = {
			isa = XCConfigurationList;
			buildConfigurations = (
				FA4C794025CA40250081FB8E /* Debug */,
				FA4C794125CA40250081FB8E /* Release */,
			);
			defaultConfigurationIsVisible = 0;
			defaultConfigurationName = Release;
		};
		FA4C794225CA40250081FB8E /* Build configuration list for PBXNativeTarget "CoreDataDemo" */ = {
			isa = XCConfigurationList;
			buildConfigurations = (
				FA4C794325CA40250081FB8E /* Debug */,
				FA4C794425CA40250081FB8E /* Release */,
			);
			defaultConfigurationIsVisible = 0;
			defaultConfigurationName = Release;
		};
/* End XCConfigurationList section */

/* Begin XCVersionGroup section */
		FA4C793725CA40220081FB8E /* CoreDataDemo.xcdatamodeld */ = {
			isa = XCVersionGroup;
			children = (
				FA4C793825CA40220081FB8E /* CoreDataDemo.xcdatamodel */,
			);
			currentVersion = FA4C793825CA40220081FB8E /* CoreDataDemo.xcdatamodel */;
			path = CoreDataDemo.xcdatamodeld;
			sourceTree = "<group>";
			versionGroupType = wrapper.xcdatamodel;
		};
/* End XCVersionGroup section */
	};
	rootObject = FA4C792325CA40220081FB8E /* Project object */;
}
